// !$*UTF8*$!
{
	archiveVersion = 1;
	classes = {
	};
	objectVersion = 55;
	objects = {

/* Begin PBXBuildFile section */
		3B5F7333281347C700259D07 /* JengaClockApp.swift in Sources */ = {isa = PBXBuildFile; fileRef = 3B5F7332281347C700259D07 /* JengaClockApp.swift */; };
		3B5F7335281347C700259D07 /* ContentView.swift in Sources */ = {isa = PBXBuildFile; fileRef = 3B5F7334281347C700259D07 /* ContentView.swift */; };
		3B5F7337281347CE00259D07 /* Assets.xcassets in Resources */ = {isa = PBXBuildFile; fileRef = 3B5F7336281347CE00259D07 /* Assets.xcassets */; };
		3B5F733A281347CE00259D07 /* Preview Assets.xcassets in Resources */ = {isa = PBXBuildFile; fileRef = 3B5F7339281347CE00259D07 /* Preview Assets.xcassets */; };
		3B5F7344281347CF00259D07 /* JengaClockTests.swift in Sources */ = {isa = PBXBuildFile; fileRef = 3B5F7343281347CF00259D07 /* JengaClockTests.swift */; };
		3B5F734E281347CF00259D07 /* JengaClockUITests.swift in Sources */ = {isa = PBXBuildFile; fileRef = 3B5F734D281347CF00259D07 /* JengaClockUITests.swift */; };
		3B5F7350281347CF00259D07 /* JengaClockUITestsLaunchTests.swift in Sources */ = {isa = PBXBuildFile; fileRef = 3B5F734F281347CF00259D07 /* JengaClockUITestsLaunchTests.swift */; };
		3B5F735D28134C3100259D07 /* MultiPickerView.swift in Sources */ = {isa = PBXBuildFile; fileRef = 3B5F735C28134C3100259D07 /* MultiPickerView.swift */; };
		3B5F735F2813508C00259D07 /* SetupView.swift in Sources */ = {isa = PBXBuildFile; fileRef = 3B5F735E2813508C00259D07 /* SetupView.swift */; };
		3B5F7361281360D400259D07 /* RulesView.swift in Sources */ = {isa = PBXBuildFile; fileRef = 3B5F7360281360D400259D07 /* RulesView.swift */; };
		3B5F73632813627C00259D07 /* CloseButton.swift in Sources */ = {isa = PBXBuildFile; fileRef = 3B5F73622813627C00259D07 /* CloseButton.swift */; };
		3B5F736B2814227E00259D07 /* JengaClockAppClipApp.swift in Sources */ = {isa = PBXBuildFile; fileRef = 3B5F736A2814227E00259D07 /* JengaClockAppClipApp.swift */; };
		3B5F736F2814228000259D07 /* Assets.xcassets in Resources */ = {isa = PBXBuildFile; fileRef = 3B5F736E2814228000259D07 /* Assets.xcassets */; };
		3B5F73722814228000259D07 /* Preview Assets.xcassets in Resources */ = {isa = PBXBuildFile; fileRef = 3B5F73712814228000259D07 /* Preview Assets.xcassets */; };
		3B5F737E2814228000259D07 /* Jenga_Clock_AppClipTests.swift in Sources */ = {isa = PBXBuildFile; fileRef = 3B5F737D2814228000259D07 /* Jenga_Clock_AppClipTests.swift */; };
		3B5F73882814228000259D07 /* Jenga_Clock_AppClipUITests.swift in Sources */ = {isa = PBXBuildFile; fileRef = 3B5F73872814228000259D07 /* Jenga_Clock_AppClipUITests.swift */; };
		3B5F738A2814228000259D07 /* Jenga_Clock_AppClipUITestsLaunchTests.swift in Sources */ = {isa = PBXBuildFile; fileRef = 3B5F73892814228000259D07 /* Jenga_Clock_AppClipUITestsLaunchTests.swift */; };
		3B5F738D2814228100259D07 /* Jenga Clock AppClip.app in Embed App Clips */ = {isa = PBXBuildFile; fileRef = 3B5F73682814227E00259D07 /* Jenga Clock AppClip.app */; settings = {ATTRIBUTES = (RemoveHeadersOnCopy, ); }; };
		3B5F7398281422DF00259D07 /* ContentView.swift in Sources */ = {isa = PBXBuildFile; fileRef = 3B5F7334281347C700259D07 /* ContentView.swift */; };
		3B5F7399281422E700259D07 /* MultiPickerView.swift in Sources */ = {isa = PBXBuildFile; fileRef = 3B5F735C28134C3100259D07 /* MultiPickerView.swift */; };
		3B5F739A281422E900259D07 /* CloseButton.swift in Sources */ = {isa = PBXBuildFile; fileRef = 3B5F73622813627C00259D07 /* CloseButton.swift */; };
		3B5F739C2814230500259D07 /* QuickSetupView.swift in Sources */ = {isa = PBXBuildFile; fileRef = 3B5F739B2814230500259D07 /* QuickSetupView.swift */; };
		3B5F739E2814233400259D07 /* QuickRulesView.swift in Sources */ = {isa = PBXBuildFile; fileRef = 3B5F739D2814233400259D07 /* QuickRulesView.swift */; };
		3B5F73A028142CF000259D07 /* SettingsView.swift in Sources */ = {isa = PBXBuildFile; fileRef = 3B5F739F28142CF000259D07 /* SettingsView.swift */; };
		3B9072AC28161C94006253A5 /* InfoPlist.strings in Resources */ = {isa = PBXBuildFile; fileRef = 3B9072AA28161C94006253A5 /* InfoPlist.strings */; };
		3B9072AF28161C94006253A5 /* Localizable.strings in Resources */ = {isa = PBXBuildFile; fileRef = 3B9072AD28161C94006253A5 /* Localizable.strings */; };
		3B9072B228161C94006253A5 /* InfoPlist.strings in Resources */ = {isa = PBXBuildFile; fileRef = 3B9072B028161C94006253A5 /* InfoPlist.strings */; };
		3B9072B528161C94006253A5 /* Localizable.strings in Resources */ = {isa = PBXBuildFile; fileRef = 3B9072B328161C94006253A5 /* Localizable.strings */; };
/* End PBXBuildFile section */

/* Begin PBXContainerItemProxy section */
		3B5F7340281347CF00259D07 /* PBXContainerItemProxy */ = {
			isa = PBXContainerItemProxy;
			containerPortal = 3B5F7327281347C700259D07 /* Project object */;
			proxyType = 1;
			remoteGlobalIDString = 3B5F732E281347C700259D07;
			remoteInfo = "Chess Clock";
		};
		3B5F734A281347CF00259D07 /* PBXContainerItemProxy */ = {
			isa = PBXContainerItemProxy;
			containerPortal = 3B5F7327281347C700259D07 /* Project object */;
			proxyType = 1;
			remoteGlobalIDString = 3B5F732E281347C700259D07;
			remoteInfo = "Chess Clock";
		};
		3B5F737A2814228000259D07 /* PBXContainerItemProxy */ = {
			isa = PBXContainerItemProxy;
			containerPortal = 3B5F7327281347C700259D07 /* Project object */;
			proxyType = 1;
			remoteGlobalIDString = 3B5F73672814227E00259D07;
			remoteInfo = "Jenga Clock AppClip";
		};
		3B5F73842814228000259D07 /* PBXContainerItemProxy */ = {
			isa = PBXContainerItemProxy;
			containerPortal = 3B5F7327281347C700259D07 /* Project object */;
			proxyType = 1;
			remoteGlobalIDString = 3B5F73672814227E00259D07;
			remoteInfo = "Jenga Clock AppClip";
		};
		3B5F738B2814228100259D07 /* PBXContainerItemProxy */ = {
			isa = PBXContainerItemProxy;
			containerPortal = 3B5F7327281347C700259D07 /* Project object */;
			proxyType = 1;
			remoteGlobalIDString = 3B5F73672814227E00259D07;
			remoteInfo = "Jenga Clock AppClip";
		};
/* End PBXContainerItemProxy section */

/* Begin PBXCopyFilesBuildPhase section */
		3B5F738E2814228100259D07 /* Embed App Clips */ = {
			isa = PBXCopyFilesBuildPhase;
			buildActionMask = 2147483647;
			dstPath = "$(CONTENTS_FOLDER_PATH)/AppClips";
			dstSubfolderSpec = 16;
			files = (
				3B5F738D2814228100259D07 /* Jenga Clock AppClip.app in Embed App Clips */,
			);
			name = "Embed App Clips";
			runOnlyForDeploymentPostprocessing = 0;
		};
/* End PBXCopyFilesBuildPhase section */

/* Begin PBXFileReference section */
		3B5F732F281347C700259D07 /* Jenga Clock.app */ = {isa = PBXFileReference; explicitFileType = wrapper.application; includeInIndex = 0; path = "Jenga Clock.app"; sourceTree = BUILT_PRODUCTS_DIR; };
		3B5F7332281347C700259D07 /* JengaClockApp.swift */ = {isa = PBXFileReference; lastKnownFileType = sourcecode.swift; path = JengaClockApp.swift; sourceTree = "<group>"; };
		3B5F7334281347C700259D07 /* ContentView.swift */ = {isa = PBXFileReference; lastKnownFileType = sourcecode.swift; path = ContentView.swift; sourceTree = "<group>"; };
		3B5F7336281347CE00259D07 /* Assets.xcassets */ = {isa = PBXFileReference; lastKnownFileType = folder.assetcatalog; path = Assets.xcassets; sourceTree = "<group>"; };
		3B5F7339281347CE00259D07 /* Preview Assets.xcassets */ = {isa = PBXFileReference; lastKnownFileType = folder.assetcatalog; path = "Preview Assets.xcassets"; sourceTree = "<group>"; };
		3B5F733F281347CF00259D07 /* Jenga ClockTests.xctest */ = {isa = PBXFileReference; explicitFileType = wrapper.cfbundle; includeInIndex = 0; path = "Jenga ClockTests.xctest"; sourceTree = BUILT_PRODUCTS_DIR; };
		3B5F7343281347CF00259D07 /* JengaClockTests.swift */ = {isa = PBXFileReference; lastKnownFileType = sourcecode.swift; path = JengaClockTests.swift; sourceTree = "<group>"; };
		3B5F7349281347CF00259D07 /* Jenga ClockUITests.xctest */ = {isa = PBXFileReference; explicitFileType = wrapper.cfbundle; includeInIndex = 0; path = "Jenga ClockUITests.xctest"; sourceTree = BUILT_PRODUCTS_DIR; };
		3B5F734D281347CF00259D07 /* JengaClockUITests.swift */ = {isa = PBXFileReference; lastKnownFileType = sourcecode.swift; path = JengaClockUITests.swift; sourceTree = "<group>"; };
		3B5F734F281347CF00259D07 /* JengaClockUITestsLaunchTests.swift */ = {isa = PBXFileReference; lastKnownFileType = sourcecode.swift; path = JengaClockUITestsLaunchTests.swift; sourceTree = "<group>"; };
		3B5F735C28134C3100259D07 /* MultiPickerView.swift */ = {isa = PBXFileReference; lastKnownFileType = sourcecode.swift; path = MultiPickerView.swift; sourceTree = "<group>"; };
		3B5F735E2813508C00259D07 /* SetupView.swift */ = {isa = PBXFileReference; lastKnownFileType = sourcecode.swift; path = SetupView.swift; sourceTree = "<group>"; };
		3B5F7360281360D400259D07 /* RulesView.swift */ = {isa = PBXFileReference; lastKnownFileType = sourcecode.swift; path = RulesView.swift; sourceTree = "<group>"; };
		3B5F73622813627C00259D07 /* CloseButton.swift */ = {isa = PBXFileReference; lastKnownFileType = sourcecode.swift; path = CloseButton.swift; sourceTree = "<group>"; };
		3B5F73682814227E00259D07 /* Jenga Clock AppClip.app */ = {isa = PBXFileReference; explicitFileType = wrapper.application; includeInIndex = 0; path = "Jenga Clock AppClip.app"; sourceTree = BUILT_PRODUCTS_DIR; };
		3B5F736A2814227E00259D07 /* JengaClockAppClipApp.swift */ = {isa = PBXFileReference; lastKnownFileType = sourcecode.swift; path = JengaClockAppClipApp.swift; sourceTree = "<group>"; };
		3B5F736E2814228000259D07 /* Assets.xcassets */ = {isa = PBXFileReference; lastKnownFileType = folder.assetcatalog; path = Assets.xcassets; sourceTree = "<group>"; };
		3B5F73712814228000259D07 /* Preview Assets.xcassets */ = {isa = PBXFileReference; lastKnownFileType = folder.assetcatalog; path = "Preview Assets.xcassets"; sourceTree = "<group>"; };
		3B5F73732814228000259D07 /* Info.plist */ = {isa = PBXFileReference; lastKnownFileType = text.plist.xml; path = Info.plist; sourceTree = "<group>"; };
		3B5F73742814228000259D07 /* Jenga_Clock_AppClip.entitlements */ = {isa = PBXFileReference; lastKnownFileType = text.plist.entitlements; path = Jenga_Clock_AppClip.entitlements; sourceTree = "<group>"; };
		3B5F73792814228000259D07 /* Jenga Clock AppClipTests.xctest */ = {isa = PBXFileReference; explicitFileType = wrapper.cfbundle; includeInIndex = 0; path = "Jenga Clock AppClipTests.xctest"; sourceTree = BUILT_PRODUCTS_DIR; };
		3B5F737D2814228000259D07 /* Jenga_Clock_AppClipTests.swift */ = {isa = PBXFileReference; lastKnownFileType = sourcecode.swift; path = Jenga_Clock_AppClipTests.swift; sourceTree = "<group>"; };
		3B5F73832814228000259D07 /* Jenga Clock AppClipUITests.xctest */ = {isa = PBXFileReference; explicitFileType = wrapper.cfbundle; includeInIndex = 0; path = "Jenga Clock AppClipUITests.xctest"; sourceTree = BUILT_PRODUCTS_DIR; };
		3B5F73872814228000259D07 /* Jenga_Clock_AppClipUITests.swift */ = {isa = PBXFileReference; lastKnownFileType = sourcecode.swift; path = Jenga_Clock_AppClipUITests.swift; sourceTree = "<group>"; };
		3B5F73892814228000259D07 /* Jenga_Clock_AppClipUITestsLaunchTests.swift */ = {isa = PBXFileReference; lastKnownFileType = sourcecode.swift; path = Jenga_Clock_AppClipUITestsLaunchTests.swift; sourceTree = "<group>"; };
		3B5F739B2814230500259D07 /* QuickSetupView.swift */ = {isa = PBXFileReference; lastKnownFileType = sourcecode.swift; path = QuickSetupView.swift; sourceTree = "<group>"; };
		3B5F739D2814233400259D07 /* QuickRulesView.swift */ = {isa = PBXFileReference; lastKnownFileType = sourcecode.swift; path = QuickRulesView.swift; sourceTree = "<group>"; };
		3B5F739F28142CF000259D07 /* SettingsView.swift */ = {isa = PBXFileReference; lastKnownFileType = sourcecode.swift; path = SettingsView.swift; sourceTree = "<group>"; };
		3B9072AB28161C94006253A5 /* pl */ = {isa = PBXFileReference; lastKnownFileType = text.plist.strings; name = pl; path = pl.lproj/InfoPlist.strings; sourceTree = "<group>"; };
		3B9072AE28161C94006253A5 /* pl */ = {isa = PBXFileReference; lastKnownFileType = text.plist.strings; name = pl; path = pl.lproj/Localizable.strings; sourceTree = "<group>"; };
		3B9072B128161C94006253A5 /* pl */ = {isa = PBXFileReference; lastKnownFileType = text.plist.strings; name = pl; path = pl.lproj/InfoPlist.strings; sourceTree = "<group>"; };
		3B9072B428161C94006253A5 /* pl */ = {isa = PBXFileReference; lastKnownFileType = text.plist.strings; name = pl; path = pl.lproj/Localizable.strings; sourceTree = "<group>"; };
/* End PBXFileReference section */

/* Begin PBXFrameworksBuildPhase section */
		3B5F732C281347C700259D07 /* Frameworks */ = {
			isa = PBXFrameworksBuildPhase;
			buildActionMask = 2147483647;
			files = (
			);
			runOnlyForDeploymentPostprocessing = 0;
		};
		3B5F733C281347CF00259D07 /* Frameworks */ = {
			isa = PBXFrameworksBuildPhase;
			buildActionMask = 2147483647;
			files = (
			);
			runOnlyForDeploymentPostprocessing = 0;
		};
		3B5F7346281347CF00259D07 /* Frameworks */ = {
			isa = PBXFrameworksBuildPhase;
			buildActionMask = 2147483647;
			files = (
			);
			runOnlyForDeploymentPostprocessing = 0;
		};
		3B5F73652814227E00259D07 /* Frameworks */ = {
			isa = PBXFrameworksBuildPhase;
			buildActionMask = 2147483647;
			files = (
			);
			runOnlyForDeploymentPostprocessing = 0;
		};
		3B5F73762814228000259D07 /* Frameworks */ = {
			isa = PBXFrameworksBuildPhase;
			buildActionMask = 2147483647;
			files = (
			);
			runOnlyForDeploymentPostprocessing = 0;
		};
		3B5F73802814228000259D07 /* Frameworks */ = {
			isa = PBXFrameworksBuildPhase;
			buildActionMask = 2147483647;
			files = (
			);
			runOnlyForDeploymentPostprocessing = 0;
		};
/* End PBXFrameworksBuildPhase section */

/* Begin PBXGroup section */
		3B5F7326281347C600259D07 = {
			isa = PBXGroup;
			children = (
				3B5F7331281347C700259D07 /* Jenga Clock */,
				3B5F7342281347CF00259D07 /* JengaClockTests */,
				3B5F734C281347CF00259D07 /* JengaClockUITests */,
				3B5F73692814227E00259D07 /* Jenga Clock AppClip */,
				3B5F737C2814228000259D07 /* Jenga Clock AppClipTests */,
				3B5F73862814228000259D07 /* Jenga Clock AppClipUITests */,
				3B5F7330281347C700259D07 /* Products */,
			);
			sourceTree = "<group>";
		};
		3B5F7330281347C700259D07 /* Products */ = {
			isa = PBXGroup;
			children = (
				3B5F732F281347C700259D07 /* Jenga Clock.app */,
				3B5F733F281347CF00259D07 /* Jenga ClockTests.xctest */,
				3B5F7349281347CF00259D07 /* Jenga ClockUITests.xctest */,
				3B5F73682814227E00259D07 /* Jenga Clock AppClip.app */,
				3B5F73792814228000259D07 /* Jenga Clock AppClipTests.xctest */,
				3B5F73832814228000259D07 /* Jenga Clock AppClipUITests.xctest */,
			);
			name = Products;
			sourceTree = "<group>";
		};
		3B5F7331281347C700259D07 /* Jenga Clock */ = {
			isa = PBXGroup;
			children = (
				3B5F7332281347C700259D07 /* JengaClockApp.swift */,
				3B5F735E2813508C00259D07 /* SetupView.swift */,
				3B5F7334281347C700259D07 /* ContentView.swift */,
				3B5F739F28142CF000259D07 /* SettingsView.swift */,
				3B5F7360281360D400259D07 /* RulesView.swift */,
				3B5F735C28134C3100259D07 /* MultiPickerView.swift */,
				3B5F73622813627C00259D07 /* CloseButton.swift */,
				3B5F7336281347CE00259D07 /* Assets.xcassets */,
				3B9072B328161C94006253A5 /* Localizable.strings */,
				3B9072B028161C94006253A5 /* InfoPlist.strings */,
				3B5F7338281347CE00259D07 /* Preview Content */,
			);
			path = "Jenga Clock";
			sourceTree = "<group>";
		};
		3B5F7338281347CE00259D07 /* Preview Content */ = {
			isa = PBXGroup;
			children = (
				3B5F7339281347CE00259D07 /* Preview Assets.xcassets */,
			);
			path = "Preview Content";
			sourceTree = "<group>";
		};
		3B5F7342281347CF00259D07 /* JengaClockTests */ = {
			isa = PBXGroup;
			children = (
				3B5F7343281347CF00259D07 /* JengaClockTests.swift */,
			);
			path = JengaClockTests;
			sourceTree = "<group>";
		};
		3B5F734C281347CF00259D07 /* JengaClockUITests */ = {
			isa = PBXGroup;
			children = (
				3B5F734D281347CF00259D07 /* JengaClockUITests.swift */,
				3B5F734F281347CF00259D07 /* JengaClockUITestsLaunchTests.swift */,
			);
			path = JengaClockUITests;
			sourceTree = "<group>";
		};
		3B5F73692814227E00259D07 /* Jenga Clock AppClip */ = {
			isa = PBXGroup;
			children = (
				3B5F736A2814227E00259D07 /* JengaClockAppClipApp.swift */,
				3B5F739B2814230500259D07 /* QuickSetupView.swift */,
				3B5F739D2814233400259D07 /* QuickRulesView.swift */,
				3B5F736E2814228000259D07 /* Assets.xcassets */,
				3B5F73732814228000259D07 /* Info.plist */,
				3B9072AD28161C94006253A5 /* Localizable.strings */,
				3B9072AA28161C94006253A5 /* InfoPlist.strings */,
				3B5F73742814228000259D07 /* Jenga_Clock_AppClip.entitlements */,
				3B5F73702814228000259D07 /* Preview Content */,
			);
			path = "Jenga Clock AppClip";
			sourceTree = "<group>";
		};
		3B5F73702814228000259D07 /* Preview Content */ = {
			isa = PBXGroup;
			children = (
				3B5F73712814228000259D07 /* Preview Assets.xcassets */,
			);
			path = "Preview Content";
			sourceTree = "<group>";
		};
		3B5F737C2814228000259D07 /* Jenga Clock AppClipTests */ = {
			isa = PBXGroup;
			children = (
				3B5F737D2814228000259D07 /* Jenga_Clock_AppClipTests.swift */,
			);
			path = "Jenga Clock AppClipTests";
			sourceTree = "<group>";
		};
		3B5F73862814228000259D07 /* Jenga Clock AppClipUITests */ = {
			isa = PBXGroup;
			children = (
				3B5F73872814228000259D07 /* Jenga_Clock_AppClipUITests.swift */,
				3B5F73892814228000259D07 /* Jenga_Clock_AppClipUITestsLaunchTests.swift */,
			);
			path = "Jenga Clock AppClipUITests";
			sourceTree = "<group>";
		};
/* End PBXGroup section */

/* Begin PBXNativeTarget section */
		3B5F732E281347C700259D07 /* Jenga Clock */ = {
			isa = PBXNativeTarget;
			buildConfigurationList = 3B5F7353281347CF00259D07 /* Build configuration list for PBXNativeTarget "Jenga Clock" */;
			buildPhases = (
				3B5F732B281347C700259D07 /* Sources */,
				3B5F732C281347C700259D07 /* Frameworks */,
				3B5F732D281347C700259D07 /* Resources */,
				3B5F738E2814228100259D07 /* Embed App Clips */,
			);
			buildRules = (
			);
			dependencies = (
				3B5F738C2814228100259D07 /* PBXTargetDependency */,
			);
			name = "Jenga Clock";
			productName = "Chess Clock";
			productReference = 3B5F732F281347C700259D07 /* Jenga Clock.app */;
			productType = "com.apple.product-type.application";
		};
		3B5F733E281347CF00259D07 /* Jenga ClockTests */ = {
			isa = PBXNativeTarget;
			buildConfigurationList = 3B5F7356281347CF00259D07 /* Build configuration list for PBXNativeTarget "Jenga ClockTests" */;
			buildPhases = (
				3B5F733B281347CF00259D07 /* Sources */,
				3B5F733C281347CF00259D07 /* Frameworks */,
				3B5F733D281347CF00259D07 /* Resources */,
			);
			buildRules = (
			);
			dependencies = (
				3B5F7341281347CF00259D07 /* PBXTargetDependency */,
			);
			name = "Jenga ClockTests";
			productName = "Chess ClockTests";
			productReference = 3B5F733F281347CF00259D07 /* Jenga ClockTests.xctest */;
			productType = "com.apple.product-type.bundle.unit-test";
		};
		3B5F7348281347CF00259D07 /* Jenga ClockUITests */ = {
			isa = PBXNativeTarget;
			buildConfigurationList = 3B5F7359281347CF00259D07 /* Build configuration list for PBXNativeTarget "Jenga ClockUITests" */;
			buildPhases = (
				3B5F7345281347CF00259D07 /* Sources */,
				3B5F7346281347CF00259D07 /* Frameworks */,
				3B5F7347281347CF00259D07 /* Resources */,
			);
			buildRules = (
			);
			dependencies = (
				3B5F734B281347CF00259D07 /* PBXTargetDependency */,
			);
			name = "Jenga ClockUITests";
			productName = "Chess ClockUITests";
			productReference = 3B5F7349281347CF00259D07 /* Jenga ClockUITests.xctest */;
			productType = "com.apple.product-type.bundle.ui-testing";
		};
		3B5F73672814227E00259D07 /* Jenga Clock AppClip */ = {
			isa = PBXNativeTarget;
			buildConfigurationList = 3B5F73952814228100259D07 /* Build configuration list for PBXNativeTarget "Jenga Clock AppClip" */;
			buildPhases = (
				3B5F73642814227E00259D07 /* Sources */,
				3B5F73652814227E00259D07 /* Frameworks */,
				3B5F73662814227E00259D07 /* Resources */,
			);
			buildRules = (
			);
			dependencies = (
			);
			name = "Jenga Clock AppClip";
			productName = "Jenga Clock AppClip";
			productReference = 3B5F73682814227E00259D07 /* Jenga Clock AppClip.app */;
			productType = "com.apple.product-type.application.on-demand-install-capable";
		};
		3B5F73782814228000259D07 /* Jenga Clock AppClipTests */ = {
			isa = PBXNativeTarget;
			buildConfigurationList = 3B5F73962814228100259D07 /* Build configuration list for PBXNativeTarget "Jenga Clock AppClipTests" */;
			buildPhases = (
				3B5F73752814228000259D07 /* Sources */,
				3B5F73762814228000259D07 /* Frameworks */,
				3B5F73772814228000259D07 /* Resources */,
			);
			buildRules = (
			);
			dependencies = (
				3B5F737B2814228000259D07 /* PBXTargetDependency */,
			);
			name = "Jenga Clock AppClipTests";
			productName = "Jenga Clock AppClipTests";
			productReference = 3B5F73792814228000259D07 /* Jenga Clock AppClipTests.xctest */;
			productType = "com.apple.product-type.bundle.unit-test";
		};
		3B5F73822814228000259D07 /* Jenga Clock AppClipUITests */ = {
			isa = PBXNativeTarget;
			buildConfigurationList = 3B5F73972814228100259D07 /* Build configuration list for PBXNativeTarget "Jenga Clock AppClipUITests" */;
			buildPhases = (
				3B5F737F2814228000259D07 /* Sources */,
				3B5F73802814228000259D07 /* Frameworks */,
				3B5F73812814228000259D07 /* Resources */,
			);
			buildRules = (
			);
			dependencies = (
				3B5F73852814228000259D07 /* PBXTargetDependency */,
			);
			name = "Jenga Clock AppClipUITests";
			productName = "Jenga Clock AppClipUITests";
			productReference = 3B5F73832814228000259D07 /* Jenga Clock AppClipUITests.xctest */;
			productType = "com.apple.product-type.bundle.ui-testing";
		};
/* End PBXNativeTarget section */

/* Begin PBXProject section */
		3B5F7327281347C700259D07 /* Project object */ = {
			isa = PBXProject;
			attributes = {
				BuildIndependentTargetsInParallel = 1;
				LastSwiftUpdateCheck = 1330;
				LastUpgradeCheck = 1330;
				TargetAttributes = {
					3B5F732E281347C700259D07 = {
						CreatedOnToolsVersion = 13.3.1;
					};
					3B5F733E281347CF00259D07 = {
						CreatedOnToolsVersion = 13.3.1;
						TestTargetID = 3B5F732E281347C700259D07;
					};
					3B5F7348281347CF00259D07 = {
						CreatedOnToolsVersion = 13.3.1;
						TestTargetID = 3B5F732E281347C700259D07;
					};
					3B5F73672814227E00259D07 = {
						CreatedOnToolsVersion = 13.3.1;
					};
					3B5F73782814228000259D07 = {
						CreatedOnToolsVersion = 13.3.1;
						TestTargetID = 3B5F73672814227E00259D07;
					};
					3B5F73822814228000259D07 = {
						CreatedOnToolsVersion = 13.3.1;
						TestTargetID = 3B5F73672814227E00259D07;
					};
				};
			};
			buildConfigurationList = 3B5F732A281347C700259D07 /* Build configuration list for PBXProject "Jenga Clock" */;
			compatibilityVersion = "Xcode 13.0";
			developmentRegion = en;
			hasScannedForEncodings = 0;
			knownRegions = (
				en,
				Base,
				pl,
			);
			mainGroup = 3B5F7326281347C600259D07;
			productRefGroup = 3B5F7330281347C700259D07 /* Products */;
			projectDirPath = "";
			projectRoot = "";
			targets = (
				3B5F732E281347C700259D07 /* Jenga Clock */,
				3B5F733E281347CF00259D07 /* Jenga ClockTests */,
				3B5F7348281347CF00259D07 /* Jenga ClockUITests */,
				3B5F73672814227E00259D07 /* Jenga Clock AppClip */,
				3B5F73782814228000259D07 /* Jenga Clock AppClipTests */,
				3B5F73822814228000259D07 /* Jenga Clock AppClipUITests */,
			);
		};
/* End PBXProject section */

/* Begin PBXResourcesBuildPhase section */
		3B5F732D281347C700259D07 /* Resources */ = {
			isa = PBXResourcesBuildPhase;
			buildActionMask = 2147483647;
			files = (
				3B9072B228161C94006253A5 /* InfoPlist.strings in Resources */,
				3B9072B528161C94006253A5 /* Localizable.strings in Resources */,
				3B5F733A281347CE00259D07 /* Preview Assets.xcassets in Resources */,
				3B5F7337281347CE00259D07 /* Assets.xcassets in Resources */,
			);
			runOnlyForDeploymentPostprocessing = 0;
		};
		3B5F733D281347CF00259D07 /* Resources */ = {
			isa = PBXResourcesBuildPhase;
			buildActionMask = 2147483647;
			files = (
			);
			runOnlyForDeploymentPostprocessing = 0;
		};
		3B5F7347281347CF00259D07 /* Resources */ = {
			isa = PBXResourcesBuildPhase;
			buildActionMask = 2147483647;
			files = (
			);
			runOnlyForDeploymentPostprocessing = 0;
		};
		3B5F73662814227E00259D07 /* Resources */ = {
			isa = PBXResourcesBuildPhase;
			buildActionMask = 2147483647;
			files = (
				3B5F73722814228000259D07 /* Preview Assets.xcassets in Resources */,
				3B9072AF28161C94006253A5 /* Localizable.strings in Resources */,
				3B9072AC28161C94006253A5 /* InfoPlist.strings in Resources */,
				3B5F736F2814228000259D07 /* Assets.xcassets in Resources */,
			);
			runOnlyForDeploymentPostprocessing = 0;
		};
		3B5F73772814228000259D07 /* Resources */ = {
			isa = PBXResourcesBuildPhase;
			buildActionMask = 2147483647;
			files = (
			);
			runOnlyForDeploymentPostprocessing = 0;
		};
		3B5F73812814228000259D07 /* Resources */ = {
			isa = PBXResourcesBuildPhase;
			buildActionMask = 2147483647;
			files = (
			);
			runOnlyForDeploymentPostprocessing = 0;
		};
/* End PBXResourcesBuildPhase section */

/* Begin PBXSourcesBuildPhase section */
		3B5F732B281347C700259D07 /* Sources */ = {
			isa = PBXSourcesBuildPhase;
			buildActionMask = 2147483647;
			files = (
				3B5F73A028142CF000259D07 /* SettingsView.swift in Sources */,
				3B5F73632813627C00259D07 /* CloseButton.swift in Sources */,
				3B5F7335281347C700259D07 /* ContentView.swift in Sources */,
				3B5F7361281360D400259D07 /* RulesView.swift in Sources */,
				3B5F735D28134C3100259D07 /* MultiPickerView.swift in Sources */,
				3B5F735F2813508C00259D07 /* SetupView.swift in Sources */,
				3B5F7333281347C700259D07 /* JengaClockApp.swift in Sources */,
			);
			runOnlyForDeploymentPostprocessing = 0;
		};
		3B5F733B281347CF00259D07 /* Sources */ = {
			isa = PBXSourcesBuildPhase;
			buildActionMask = 2147483647;
			files = (
				3B5F7344281347CF00259D07 /* JengaClockTests.swift in Sources */,
			);
			runOnlyForDeploymentPostprocessing = 0;
		};
		3B5F7345281347CF00259D07 /* Sources */ = {
			isa = PBXSourcesBuildPhase;
			buildActionMask = 2147483647;
			files = (
				3B5F7350281347CF00259D07 /* JengaClockUITestsLaunchTests.swift in Sources */,
				3B5F734E281347CF00259D07 /* JengaClockUITests.swift in Sources */,
			);
			runOnlyForDeploymentPostprocessing = 0;
		};
		3B5F73642814227E00259D07 /* Sources */ = {
			isa = PBXSourcesBuildPhase;
			buildActionMask = 2147483647;
			files = (
				3B5F739C2814230500259D07 /* QuickSetupView.swift in Sources */,
				3B5F739A281422E900259D07 /* CloseButton.swift in Sources */,
				3B5F7399281422E700259D07 /* MultiPickerView.swift in Sources */,
				3B5F739E2814233400259D07 /* QuickRulesView.swift in Sources */,
				3B5F736B2814227E00259D07 /* JengaClockAppClipApp.swift in Sources */,
				3B5F7398281422DF00259D07 /* ContentView.swift in Sources */,
			);
			runOnlyForDeploymentPostprocessing = 0;
		};
		3B5F73752814228000259D07 /* Sources */ = {
			isa = PBXSourcesBuildPhase;
			buildActionMask = 2147483647;
			files = (
				3B5F737E2814228000259D07 /* Jenga_Clock_AppClipTests.swift in Sources */,
			);
			runOnlyForDeploymentPostprocessing = 0;
		};
		3B5F737F2814228000259D07 /* Sources */ = {
			isa = PBXSourcesBuildPhase;
			buildActionMask = 2147483647;
			files = (
				3B5F73882814228000259D07 /* Jenga_Clock_AppClipUITests.swift in Sources */,
				3B5F738A2814228000259D07 /* Jenga_Clock_AppClipUITestsLaunchTests.swift in Sources */,
			);
			runOnlyForDeploymentPostprocessing = 0;
		};
/* End PBXSourcesBuildPhase section */

/* Begin PBXTargetDependency section */
		3B5F7341281347CF00259D07 /* PBXTargetDependency */ = {
			isa = PBXTargetDependency;
			target = 3B5F732E281347C700259D07 /* Jenga Clock */;
			targetProxy = 3B5F7340281347CF00259D07 /* PBXContainerItemProxy */;
		};
		3B5F734B281347CF00259D07 /* PBXTargetDependency */ = {
			isa = PBXTargetDependency;
			target = 3B5F732E281347C700259D07 /* Jenga Clock */;
			targetProxy = 3B5F734A281347CF00259D07 /* PBXContainerItemProxy */;
		};
		3B5F737B2814228000259D07 /* PBXTargetDependency */ = {
			isa = PBXTargetDependency;
			target = 3B5F73672814227E00259D07 /* Jenga Clock AppClip */;
			targetProxy = 3B5F737A2814228000259D07 /* PBXContainerItemProxy */;
		};
		3B5F73852814228000259D07 /* PBXTargetDependency */ = {
			isa = PBXTargetDependency;
			target = 3B5F73672814227E00259D07 /* Jenga Clock AppClip */;
			targetProxy = 3B5F73842814228000259D07 /* PBXContainerItemProxy */;
		};
		3B5F738C2814228100259D07 /* PBXTargetDependency */ = {
			isa = PBXTargetDependency;
			target = 3B5F73672814227E00259D07 /* Jenga Clock AppClip */;
			targetProxy = 3B5F738B2814228100259D07 /* PBXContainerItemProxy */;
		};
/* End PBXTargetDependency section */

/* Begin PBXVariantGroup section */
		3B9072AA28161C94006253A5 /* InfoPlist.strings */ = {
			isa = PBXVariantGroup;
			children = (
				3B9072AB28161C94006253A5 /* pl */,
			);
			name = InfoPlist.strings;
			sourceTree = "<group>";
		};
		3B9072AD28161C94006253A5 /* Localizable.strings */ = {
			isa = PBXVariantGroup;
			children = (
				3B9072AE28161C94006253A5 /* pl */,
			);
			name = Localizable.strings;
			sourceTree = "<group>";
		};
		3B9072B028161C94006253A5 /* InfoPlist.strings */ = {
			isa = PBXVariantGroup;
			children = (
				3B9072B128161C94006253A5 /* pl */,
			);
			name = InfoPlist.strings;
			sourceTree = "<group>";
		};
		3B9072B328161C94006253A5 /* Localizable.strings */ = {
			isa = PBXVariantGroup;
			children = (
				3B9072B428161C94006253A5 /* pl */,
			);
			name = Localizable.strings;
			sourceTree = "<group>";
		};
/* End PBXVariantGroup section */

/* Begin XCBuildConfiguration section */
		3B5F7351281347CF00259D07 /* Debug */ = {
			isa = XCBuildConfiguration;
			buildSettings = {
				ALWAYS_SEARCH_USER_PATHS = NO;
				CLANG_ANALYZER_NONNULL = YES;
				CLANG_ANALYZER_NUMBER_OBJECT_CONVERSION = YES_AGGRESSIVE;
				CLANG_CXX_LANGUAGE_STANDARD = "gnu++17";
				CLANG_ENABLE_MODULES = YES;
				CLANG_ENABLE_OBJC_ARC = YES;
				CLANG_ENABLE_OBJC_WEAK = YES;
				CLANG_WARN_BLOCK_CAPTURE_AUTORELEASING = YES;
				CLANG_WARN_BOOL_CONVERSION = YES;
				CLANG_WARN_COMMA = YES;
				CLANG_WARN_CONSTANT_CONVERSION = YES;
				CLANG_WARN_DEPRECATED_OBJC_IMPLEMENTATIONS = YES;
				CLANG_WARN_DIRECT_OBJC_ISA_USAGE = YES_ERROR;
				CLANG_WARN_DOCUMENTATION_COMMENTS = YES;
				CLANG_WARN_EMPTY_BODY = YES;
				CLANG_WARN_ENUM_CONVERSION = YES;
				CLANG_WARN_INFINITE_RECURSION = YES;
				CLANG_WARN_INT_CONVERSION = YES;
				CLANG_WARN_NON_LITERAL_NULL_CONVERSION = YES;
				CLANG_WARN_OBJC_IMPLICIT_RETAIN_SELF = YES;
				CLANG_WARN_OBJC_LITERAL_CONVERSION = YES;
				CLANG_WARN_OBJC_ROOT_CLASS = YES_ERROR;
				CLANG_WARN_QUOTED_INCLUDE_IN_FRAMEWORK_HEADER = YES;
				CLANG_WARN_RANGE_LOOP_ANALYSIS = YES;
				CLANG_WARN_STRICT_PROTOTYPES = YES;
				CLANG_WARN_SUSPICIOUS_MOVE = YES;
				CLANG_WARN_UNGUARDED_AVAILABILITY = YES_AGGRESSIVE;
				CLANG_WARN_UNREACHABLE_CODE = YES;
				CLANG_WARN__DUPLICATE_METHOD_MATCH = YES;
				COPY_PHASE_STRIP = NO;
				DEBUG_INFORMATION_FORMAT = dwarf;
				ENABLE_STRICT_OBJC_MSGSEND = YES;
				ENABLE_TESTABILITY = YES;
				GCC_C_LANGUAGE_STANDARD = gnu11;
				GCC_DYNAMIC_NO_PIC = NO;
				GCC_NO_COMMON_BLOCKS = YES;
				GCC_OPTIMIZATION_LEVEL = 0;
				GCC_PREPROCESSOR_DEFINITIONS = (
					"DEBUG=1",
					"$(inherited)",
				);
				GCC_WARN_64_TO_32_BIT_CONVERSION = YES;
				GCC_WARN_ABOUT_RETURN_TYPE = YES_ERROR;
				GCC_WARN_UNDECLARED_SELECTOR = YES;
				GCC_WARN_UNINITIALIZED_AUTOS = YES_AGGRESSIVE;
				GCC_WARN_UNUSED_FUNCTION = YES;
				GCC_WARN_UNUSED_VARIABLE = YES;
				IPHONEOS_DEPLOYMENT_TARGET = 15.4;
				MTL_ENABLE_DEBUG_INFO = INCLUDE_SOURCE;
				MTL_FAST_MATH = YES;
				ONLY_ACTIVE_ARCH = YES;
				SDKROOT = iphoneos;
				SWIFT_ACTIVE_COMPILATION_CONDITIONS = DEBUG;
				SWIFT_OPTIMIZATION_LEVEL = "-Onone";
			};
			name = Debug;
		};
		3B5F7352281347CF00259D07 /* Release */ = {
			isa = XCBuildConfiguration;
			buildSettings = {
				ALWAYS_SEARCH_USER_PATHS = NO;
				CLANG_ANALYZER_NONNULL = YES;
				CLANG_ANALYZER_NUMBER_OBJECT_CONVERSION = YES_AGGRESSIVE;
				CLANG_CXX_LANGUAGE_STANDARD = "gnu++17";
				CLANG_ENABLE_MODULES = YES;
				CLANG_ENABLE_OBJC_ARC = YES;
				CLANG_ENABLE_OBJC_WEAK = YES;
				CLANG_WARN_BLOCK_CAPTURE_AUTORELEASING = YES;
				CLANG_WARN_BOOL_CONVERSION = YES;
				CLANG_WARN_COMMA = YES;
				CLANG_WARN_CONSTANT_CONVERSION = YES;
				CLANG_WARN_DEPRECATED_OBJC_IMPLEMENTATIONS = YES;
				CLANG_WARN_DIRECT_OBJC_ISA_USAGE = YES_ERROR;
				CLANG_WARN_DOCUMENTATION_COMMENTS = YES;
				CLANG_WARN_EMPTY_BODY = YES;
				CLANG_WARN_ENUM_CONVERSION = YES;
				CLANG_WARN_INFINITE_RECURSION = YES;
				CLANG_WARN_INT_CONVERSION = YES;
				CLANG_WARN_NON_LITERAL_NULL_CONVERSION = YES;
				CLANG_WARN_OBJC_IMPLICIT_RETAIN_SELF = YES;
				CLANG_WARN_OBJC_LITERAL_CONVERSION = YES;
				CLANG_WARN_OBJC_ROOT_CLASS = YES_ERROR;
				CLANG_WARN_QUOTED_INCLUDE_IN_FRAMEWORK_HEADER = YES;
				CLANG_WARN_RANGE_LOOP_ANALYSIS = YES;
				CLANG_WARN_STRICT_PROTOTYPES = YES;
				CLANG_WARN_SUSPICIOUS_MOVE = YES;
				CLANG_WARN_UNGUARDED_AVAILABILITY = YES_AGGRESSIVE;
				CLANG_WARN_UNREACHABLE_CODE = YES;
				CLANG_WARN__DUPLICATE_METHOD_MATCH = YES;
				COPY_PHASE_STRIP = NO;
				DEBUG_INFORMATION_FORMAT = "dwarf-with-dsym";
				ENABLE_NS_ASSERTIONS = NO;
				ENABLE_STRICT_OBJC_MSGSEND = YES;
				GCC_C_LANGUAGE_STANDARD = gnu11;
				GCC_NO_COMMON_BLOCKS = YES;
				GCC_WARN_64_TO_32_BIT_CONVERSION = YES;
				GCC_WARN_ABOUT_RETURN_TYPE = YES_ERROR;
				GCC_WARN_UNDECLARED_SELECTOR = YES;
				GCC_WARN_UNINITIALIZED_AUTOS = YES_AGGRESSIVE;
				GCC_WARN_UNUSED_FUNCTION = YES;
				GCC_WARN_UNUSED_VARIABLE = YES;
				IPHONEOS_DEPLOYMENT_TARGET = 15.4;
				MTL_ENABLE_DEBUG_INFO = NO;
				MTL_FAST_MATH = YES;
				SDKROOT = iphoneos;
				SWIFT_COMPILATION_MODE = wholemodule;
				SWIFT_OPTIMIZATION_LEVEL = "-O";
				VALIDATE_PRODUCT = YES;
			};
			name = Release;
		};
		3B5F7354281347CF00259D07 /* Debug */ = {
			isa = XCBuildConfiguration;
			buildSettings = {
				ALWAYS_EMBED_SWIFT_STANDARD_LIBRARIES = YES;
				ASSETCATALOG_COMPILER_APPICON_NAME = AppIcon;
				ASSETCATALOG_COMPILER_GLOBAL_ACCENT_COLOR_NAME = AccentColor;
				CODE_SIGN_STYLE = Automatic;
				CURRENT_PROJECT_VERSION = 3;
				DEVELOPMENT_ASSET_PATHS = "\"Jenga Clock/Preview Content\"";
				DEVELOPMENT_TEAM = S73MBXSV7H;
				ENABLE_PREVIEWS = YES;
				GENERATE_INFOPLIST_FILE = YES;
				INFOPLIST_FILE = "Jenga-Clock-Info.plist";
				INFOPLIST_KEY_UIApplicationSceneManifest_Generation = YES;
				INFOPLIST_KEY_UIApplicationSupportsIndirectInputEvents = YES;
				INFOPLIST_KEY_UILaunchScreen_Generation = YES;
				INFOPLIST_KEY_UISupportedInterfaceOrientations_iPad = "UIInterfaceOrientationPortrait UIInterfaceOrientationPortraitUpsideDown UIInterfaceOrientationLandscapeLeft UIInterfaceOrientationLandscapeRight";
				INFOPLIST_KEY_UISupportedInterfaceOrientations_iPhone = "UIInterfaceOrientationPortrait UIInterfaceOrientationLandscapeLeft UIInterfaceOrientationLandscapeRight";
				IPHONEOS_DEPLOYMENT_TARGET = 15.0;
				LD_RUNPATH_SEARCH_PATHS = (
					"$(inherited)",
					"@executable_path/Frameworks",
				);
				MARKETING_VERSION = 1.0;
				PRODUCT_BUNDLE_IDENTIFIER = "com.adamkopec.Jenga-Clock";
				PRODUCT_NAME = "$(TARGET_NAME)";
				SWIFT_EMIT_LOC_STRINGS = YES;
				SWIFT_VERSION = 5.0;
				TARGETED_DEVICE_FAMILY = "1,2";
			};
			name = Debug;
		};
		3B5F7355281347CF00259D07 /* Release */ = {
			isa = XCBuildConfiguration;
			buildSettings = {
				ALWAYS_EMBED_SWIFT_STANDARD_LIBRARIES = YES;
				ASSETCATALOG_COMPILER_APPICON_NAME = AppIcon;
				ASSETCATALOG_COMPILER_GLOBAL_ACCENT_COLOR_NAME = AccentColor;
				CODE_SIGN_STYLE = Automatic;
				CURRENT_PROJECT_VERSION = 3;
				DEVELOPMENT_ASSET_PATHS = "\"Jenga Clock/Preview Content\"";
				DEVELOPMENT_TEAM = S73MBXSV7H;
				ENABLE_PREVIEWS = YES;
				GENERATE_INFOPLIST_FILE = YES;
				INFOPLIST_KEY_UIApplicationSceneManifest_Generation = YES;
				INFOPLIST_KEY_UIApplicationSupportsIndirectInputEvents = YES;
				INFOPLIST_KEY_UILaunchScreen_Generation = YES;
				INFOPLIST_KEY_UISupportedInterfaceOrientations_iPad = "UIInterfaceOrientationPortrait UIInterfaceOrientationPortraitUpsideDown UIInterfaceOrientationLandscapeLeft UIInterfaceOrientationLandscapeRight";
				INFOPLIST_KEY_UISupportedInterfaceOrientations_iPhone = "UIInterfaceOrientationPortrait UIInterfaceOrientationLandscapeLeft UIInterfaceOrientationLandscapeRight";
				IPHONEOS_DEPLOYMENT_TARGET = 15.0;
				LD_RUNPATH_SEARCH_PATHS = (
					"$(inherited)",
					"@executable_path/Frameworks",
				);
				MARKETING_VERSION = 1.0;
				PRODUCT_BUNDLE_IDENTIFIER = "com.adamkopec.Jenga-Clock";
				PRODUCT_NAME = "$(TARGET_NAME)";
				SWIFT_EMIT_LOC_STRINGS = YES;
				SWIFT_VERSION = 5.0;
				TARGETED_DEVICE_FAMILY = "1,2";
			};
			name = Release;
		};
		3B5F7357281347CF00259D07 /* Debug */ = {
			isa = XCBuildConfiguration;
			buildSettings = {
				ALWAYS_EMBED_SWIFT_STANDARD_LIBRARIES = YES;
				BUNDLE_LOADER = "$(TEST_HOST)";
				CODE_SIGN_STYLE = Automatic;
				CURRENT_PROJECT_VERSION = 1;
				DEVELOPMENT_TEAM = S73MBXSV7H;
				GENERATE_INFOPLIST_FILE = YES;
				IPHONEOS_DEPLOYMENT_TARGET = 15.4;
				MARKETING_VERSION = 1.0;
				PRODUCT_BUNDLE_IDENTIFIER = "com.adamkopec.Chess-ClockTests";
				PRODUCT_NAME = "$(TARGET_NAME)";
				SWIFT_EMIT_LOC_STRINGS = NO;
				SWIFT_VERSION = 5.0;
				TARGETED_DEVICE_FAMILY = "1,2";
				TEST_HOST = "$(BUILT_PRODUCTS_DIR)/Jenga Clock.app/Jenga Clock";
			};
			name = Debug;
		};
		3B5F7358281347CF00259D07 /* Release */ = {
			isa = XCBuildConfiguration;
			buildSettings = {
				ALWAYS_EMBED_SWIFT_STANDARD_LIBRARIES = YES;
				BUNDLE_LOADER = "$(TEST_HOST)";
				CODE_SIGN_STYLE = Automatic;
				CURRENT_PROJECT_VERSION = 1;
				DEVELOPMENT_TEAM = S73MBXSV7H;
				GENERATE_INFOPLIST_FILE = YES;
				IPHONEOS_DEPLOYMENT_TARGET = 15.4;
				MARKETING_VERSION = 1.0;
				PRODUCT_BUNDLE_IDENTIFIER = "com.adamkopec.Chess-ClockTests";
				PRODUCT_NAME = "$(TARGET_NAME)";
				SWIFT_EMIT_LOC_STRINGS = NO;
				SWIFT_VERSION = 5.0;
				TARGETED_DEVICE_FAMILY = "1,2";
				TEST_HOST = "$(BUILT_PRODUCTS_DIR)/Jenga Clock.app/Jenga Clock";
			};
			name = Release;
		};
		3B5F735A281347CF00259D07 /* Debug */ = {
			isa = XCBuildConfiguration;
			buildSettings = {
				ALWAYS_EMBED_SWIFT_STANDARD_LIBRARIES = YES;
				CODE_SIGN_STYLE = Automatic;
				CURRENT_PROJECT_VERSION = 1;
				DEVELOPMENT_TEAM = S73MBXSV7H;
				GENERATE_INFOPLIST_FILE = YES;
				MARKETING_VERSION = 1.0;
				PRODUCT_BUNDLE_IDENTIFIER = "com.adamkopec.Chess-ClockUITests";
				PRODUCT_NAME = "$(TARGET_NAME)";
				SWIFT_EMIT_LOC_STRINGS = NO;
				SWIFT_VERSION = 5.0;
				TARGETED_DEVICE_FAMILY = "1,2";
				TEST_TARGET_NAME = "Chess Clock";
			};
			name = Debug;
		};
		3B5F735B281347CF00259D07 /* Release */ = {
			isa = XCBuildConfiguration;
			buildSettings = {
				ALWAYS_EMBED_SWIFT_STANDARD_LIBRARIES = YES;
				CODE_SIGN_STYLE = Automatic;
				CURRENT_PROJECT_VERSION = 1;
				DEVELOPMENT_TEAM = S73MBXSV7H;
				GENERATE_INFOPLIST_FILE = YES;
				MARKETING_VERSION = 1.0;
				PRODUCT_BUNDLE_IDENTIFIER = "com.adamkopec.Chess-ClockUITests";
				PRODUCT_NAME = "$(TARGET_NAME)";
				SWIFT_EMIT_LOC_STRINGS = NO;
				SWIFT_VERSION = 5.0;
				TARGETED_DEVICE_FAMILY = "1,2";
				TEST_TARGET_NAME = "Chess Clock";
			};
			name = Release;
		};
		3B5F738F2814228100259D07 /* Debug */ = {
			isa = XCBuildConfiguration;
			buildSettings = {
				ASSETCATALOG_COMPILER_APPICON_NAME = AppIcon;
				ASSETCATALOG_COMPILER_GLOBAL_ACCENT_COLOR_NAME = AccentColor;
				CODE_SIGN_ENTITLEMENTS = "Jenga Clock AppClip/Jenga_Clock_AppClip.entitlements";
				CODE_SIGN_STYLE = Automatic;
				CURRENT_PROJECT_VERSION = 3;
				DEVELOPMENT_ASSET_PATHS = "\"Jenga Clock AppClip/Preview Content\"";
				DEVELOPMENT_TEAM = S73MBXSV7H;
				ENABLE_PREVIEWS = YES;
				GENERATE_INFOPLIST_FILE = YES;
				INFOPLIST_FILE = "Jenga Clock AppClip/Info.plist";
				INFOPLIST_KEY_CFBundleDisplayName = "Jenga Clock";
				INFOPLIST_KEY_UIApplicationSupportsIndirectInputEvents = YES;
				INFOPLIST_KEY_UILaunchScreen_Generation = YES;
				INFOPLIST_KEY_UISupportedInterfaceOrientations_iPad = "UIInterfaceOrientationPortrait UIInterfaceOrientationPortraitUpsideDown UIInterfaceOrientationLandscapeLeft UIInterfaceOrientationLandscapeRight";
				INFOPLIST_KEY_UISupportedInterfaceOrientations_iPhone = "UIInterfaceOrientationPortrait UIInterfaceOrientationLandscapeLeft UIInterfaceOrientationLandscapeRight";
				IPHONEOS_DEPLOYMENT_TARGET = 15.0;
				LD_RUNPATH_SEARCH_PATHS = (
					"$(inherited)",
					"@executable_path/Frameworks",
				);
				MARKETING_VERSION = 1.0;
				PRODUCT_BUNDLE_IDENTIFIER = "com.adamkopec.Jenga-Clock.Clip";
				PRODUCT_NAME = "$(TARGET_NAME)";
				SWIFT_EMIT_LOC_STRINGS = YES;
				SWIFT_VERSION = 5.0;
				TARGETED_DEVICE_FAMILY = "1,2";
			};
			name = Debug;
		};
		3B5F73902814228100259D07 /* Release */ = {
			isa = XCBuildConfiguration;
			buildSettings = {
				ASSETCATALOG_COMPILER_APPICON_NAME = AppIcon;
				ASSETCATALOG_COMPILER_GLOBAL_ACCENT_COLOR_NAME = AccentColor;
				CODE_SIGN_ENTITLEMENTS = "Jenga Clock AppClip/Jenga_Clock_AppClip.entitlements";
				CODE_SIGN_STYLE = Automatic;
				CURRENT_PROJECT_VERSION = 3;
				DEVELOPMENT_ASSET_PATHS = "\"Jenga Clock AppClip/Preview Content\"";
				DEVELOPMENT_TEAM = S73MBXSV7H;
				ENABLE_PREVIEWS = YES;
				GENERATE_INFOPLIST_FILE = YES;
				INFOPLIST_FILE = "Jenga Clock AppClip/Info.plist";
				INFOPLIST_KEY_CFBundleDisplayName = "Jenga Clock";
				INFOPLIST_KEY_UIApplicationSupportsIndirectInputEvents = YES;
				INFOPLIST_KEY_UILaunchScreen_Generation = YES;
				INFOPLIST_KEY_UISupportedInterfaceOrientations_iPad = "UIInterfaceOrientationPortrait UIInterfaceOrientationPortraitUpsideDown UIInterfaceOrientationLandscapeLeft UIInterfaceOrientationLandscapeRight";
				INFOPLIST_KEY_UISupportedInterfaceOrientations_iPhone = "UIInterfaceOrientationPortrait UIInterfaceOrientationLandscapeLeft UIInterfaceOrientationLandscapeRight";
				IPHONEOS_DEPLOYMENT_TARGET = 15.0;
				LD_RUNPATH_SEARCH_PATHS = (
					"$(inherited)",
					"@executable_path/Frameworks",
				);
				MARKETING_VERSION = 1.0;
				PRODUCT_BUNDLE_IDENTIFIER = "com.adamkopec.Jenga-Clock.Clip";
				PRODUCT_NAME = "$(TARGET_NAME)";
				SWIFT_EMIT_LOC_STRINGS = YES;
				SWIFT_VERSION = 5.0;
				TARGETED_DEVICE_FAMILY = "1,2";
			};
			name = Release;
		};
		3B5F73912814228100259D07 /* Debug */ = {
			isa = XCBuildConfiguration;
			buildSettings = {
				ALWAYS_EMBED_SWIFT_STANDARD_LIBRARIES = YES;
				BUNDLE_LOADER = "$(TEST_HOST)";
				CODE_SIGN_STYLE = Automatic;
				CURRENT_PROJECT_VERSION = 1;
				DEVELOPMENT_TEAM = S73MBXSV7H;
				GENERATE_INFOPLIST_FILE = YES;
				IPHONEOS_DEPLOYMENT_TARGET = 15.4;
				MARKETING_VERSION = 1.0;
				PRODUCT_BUNDLE_IDENTIFIER = "com.adamkopec.Jenga-Clock.Jenga-Clock-AppClipTests";
				PRODUCT_NAME = "$(TARGET_NAME)";
				SWIFT_EMIT_LOC_STRINGS = NO;
				SWIFT_VERSION = 5.0;
				TARGETED_DEVICE_FAMILY = "1,2";
				TEST_HOST = "$(BUILT_PRODUCTS_DIR)/Jenga Clock AppClip.app/Jenga Clock AppClip";
			};
			name = Debug;
		};
		3B5F73922814228100259D07 /* Release */ = {
			isa = XCBuildConfiguration;
			buildSettings = {
				ALWAYS_EMBED_SWIFT_STANDARD_LIBRARIES = YES;
				BUNDLE_LOADER = "$(TEST_HOST)";
				CODE_SIGN_STYLE = Automatic;
				CURRENT_PROJECT_VERSION = 1;
				DEVELOPMENT_TEAM = S73MBXSV7H;
				GENERATE_INFOPLIST_FILE = YES;
				IPHONEOS_DEPLOYMENT_TARGET = 15.4;
				MARKETING_VERSION = 1.0;
				PRODUCT_BUNDLE_IDENTIFIER = "com.adamkopec.Jenga-Clock.Jenga-Clock-AppClipTests";
				PRODUCT_NAME = "$(TARGET_NAME)";
				SWIFT_EMIT_LOC_STRINGS = NO;
				SWIFT_VERSION = 5.0;
				TARGETED_DEVICE_FAMILY = "1,2";
				TEST_HOST = "$(BUILT_PRODUCTS_DIR)/Jenga Clock AppClip.app/Jenga Clock AppClip";
			};
			name = Release;
		};
		3B5F73932814228100259D07 /* Debug */ = {
			isa = XCBuildConfiguration;
			buildSettings = {
				ALWAYS_EMBED_SWIFT_STANDARD_LIBRARIES = YES;
				CODE_SIGN_STYLE = Automatic;
				CURRENT_PROJECT_VERSION = 1;
				DEVELOPMENT_TEAM = S73MBXSV7H;
				GENERATE_INFOPLIST_FILE = YES;
				MARKETING_VERSION = 1.0;
				PRODUCT_BUNDLE_IDENTIFIER = "com.adamkopec.Jenga-Clock.Jenga-Clock-AppClipUITests";
				PRODUCT_NAME = "$(TARGET_NAME)";
				SWIFT_EMIT_LOC_STRINGS = NO;
				SWIFT_VERSION = 5.0;
				TARGETED_DEVICE_FAMILY = "1,2";
				TEST_TARGET_NAME = "Jenga Clock AppClip";
			};
			name = Debug;
		};
		3B5F73942814228100259D07 /* Release */ = {
			isa = XCBuildConfiguration;
			buildSettings = {
				ALWAYS_EMBED_SWIFT_STANDARD_LIBRARIES = YES;
				CODE_SIGN_STYLE = Automatic;
				CURRENT_PROJECT_VERSION = 1;
				DEVELOPMENT_TEAM = S73MBXSV7H;
				GENERATE_INFOPLIST_FILE = YES;
				MARKETING_VERSION = 1.0;
				PRODUCT_BUNDLE_IDENTIFIER = "com.adamkopec.Jenga-Clock.Jenga-Clock-AppClipUITests";
				PRODUCT_NAME = "$(TARGET_NAME)";
				SWIFT_EMIT_LOC_STRINGS = NO;
				SWIFT_VERSION = 5.0;
				TARGETED_DEVICE_FAMILY = "1,2";
				TEST_TARGET_NAME = "Jenga Clock AppClip";
			};
			name = Release;
		};
/* End XCBuildConfiguration section */

/* Begin XCConfigurationList section */
		3B5F732A281347C700259D07 /* Build configuration list for PBXProject "Jenga Clock" */ = {
			isa = XCConfigurationList;
			buildConfigurations = (
				3B5F7351281347CF00259D07 /* Debug */,
				3B5F7352281347CF00259D07 /* Release */,
			);
			defaultConfigurationIsVisible = 0;
			defaultConfigurationName = Release;
		};
		3B5F7353281347CF00259D07 /* Build configuration list for PBXNativeTarget "Jenga Clock" */ = {
			isa = XCConfigurationList;
			buildConfigurations = (
				3B5F7354281347CF00259D07 /* Debug */,
				3B5F7355281347CF00259D07 /* Release */,
			);
			defaultConfigurationIsVisible = 0;
			defaultConfigurationName = Release;
		};
		3B5F7356281347CF00259D07 /* Build configuration list for PBXNativeTarget "Jenga ClockTests" */ = {
			isa = XCConfigurationList;
			buildConfigurations = (
				3B5F7357281347CF00259D07 /* Debug */,
				3B5F7358281347CF00259D07 /* Release */,
			);
			defaultConfigurationIsVisible = 0;
			defaultConfigurationName = Release;
		};
		3B5F7359281347CF00259D07 /* Build configuration list for PBXNativeTarget "Jenga ClockUITests" */ = {
			isa = XCConfigurationList;
			buildConfigurations = (
				3B5F735A281347CF00259D07 /* Debug */,
				3B5F735B281347CF00259D07 /* Release */,
			);
			defaultConfigurationIsVisible = 0;
			defaultConfigurationName = Release;
		};
		3B5F73952814228100259D07 /* Build configuration list for PBXNativeTarget "Jenga Clock AppClip" */ = {
			isa = XCConfigurationList;
			buildConfigurations = (
				3B5F738F2814228100259D07 /* Debug */,
				3B5F73902814228100259D07 /* Release */,
			);
			defaultConfigurationIsVisible = 0;
			defaultConfigurationName = Release;
		};
		3B5F73962814228100259D07 /* Build configuration list for PBXNativeTarget "Jenga Clock AppClipTests" */ = {
			isa = XCConfigurationList;
			buildConfigurations = (
				3B5F73912814228100259D07 /* Debug */,
				3B5F73922814228100259D07 /* Release */,
			);
			defaultConfigurationIsVisible = 0;
			defaultConfigurationName = Release;
		};
		3B5F73972814228100259D07 /* Build configuration list for PBXNativeTarget "Jenga Clock AppClipUITests" */ = {
			isa = XCConfigurationList;
			buildConfigurations = (
				3B5F73932814228100259D07 /* Debug */,
				3B5F73942814228100259D07 /* Release */,
			);
			defaultConfigurationIsVisible = 0;
			defaultConfigurationName = Release;
		};
/* End XCConfigurationList section */
	};
	rootObject = 3B5F7327281347C700259D07 /* Project object */;
}
